
Microsoft Visual Studio Solution File, Format Version 12.00
# Visual Studio 2012
Project("{FAE04EC0-301F-11D3-BF4B-00C04F79EFBC}") = "MyWindowsSolution", "MyWindowsSolution.csproj", "{5F348568-14BC-4EA2-B5FB-3603083E1F27}"
EndProject
Global
	GlobalSection(SolutionConfigurationPlatforms) = preSolution
		Debug|Any CPU = Debug|Any CPU
		Release|Any CPU = Release|Any CPU
	EndGlobalSection
	GlobalSection(ProjectConfigurationPlatforms) = postSolution
		{5F348568-14BC-4EA2-B5FB-3603083E1F27}.Debug|Any CPU.ActiveCfg = Debug|Any CPU
		{5F348568-14BC-4EA2-B5FB-3603083E1F27}.Debug|Any CPU.Build.0 = Debug|Any CPU
		{5F348568-14BC-4EA2-B5FB-3603083E1F27}.Release|Any CPU.ActiveCfg = Release|Any CPU
		{5F348568-14BC-4EA2-B5FB-3603083E1F27}.Release|Any CPU.Build.0 = Release|Any CPU
	EndGlobalSection
EndGlobal
